
Microsoft Visual Studio Solution File, Format Version 12.00
# Visual Studio Version 17
VisualStudioVersion = 17.0.31903.59
MinimumVisualStudioVersion = 10.0.40219.1
Project("{2150E333-8FDC-42A3-9474-1A3956D46DE8}") = "src", "src", "{5E52CD8E-BF3A-4665-9A17-6FB7CBCBE5BE}"
EndProject
Project("{FAE04EC0-301F-11D3-BF4B-00C04F79EFBC}") = "Simulator", "src\Simulator\Simulator.csproj", "{5E4C167C-568C-4EDC-9C9D-6C1A065E196C}"
EndProject
Global
	GlobalSection(SolutionConfigurationPlatforms) = preSolution
		Debug|Any CPU = Debug|Any CPU
		Release|Any CPU = Release|Any CPU
	EndGlobalSection
	GlobalSection(ProjectConfigurationPlatforms) = postSolution
		{5E4C167C-568C-4EDC-9C9D-6C1A065E196C}.Debug|Any CPU.ActiveCfg = Debug|Any CPU
		{5E4C167C-568C-4EDC-9C9D-6C1A065E196C}.Debug|Any CPU.Build.0 = Debug|Any CPU
		{5E4C167C-568C-4EDC-9C9D-6C1A065E196C}.Release|Any CPU.ActiveCfg = Release|Any CPU
		{5E4C167C-568C-4EDC-9C9D-6C1A065E196C}.Release|Any CPU.Build.0 = Release|Any CPU
	EndGlobalSection
	GlobalSection(SolutionProperties) = preSolution
		HideSolutionNode = FALSE
	EndGlobalSection
	GlobalSection(NestedProjects) = preSolution
		{5E4C167C-568C-4EDC-9C9D-6C1A065E196C} = {5E52CD8E-BF3A-4665-9A17-6FB7CBCBE5BE}
	EndGlobalSection
	GlobalSection(ExtensibilityGlobals) = postSolution
		SolutionGuid = {1E76605B-3E8E-4033-B19D-9266999F1EAE}
	EndGlobalSection
EndGlobal
